
Microsoft Visual Studio Solution File, Format Version 12.00
# Visual Studio Version 16
VisualStudioVersion = 16.0.31624.102
MinimumVisualStudioVersion = 10.0.40219.1
Project("{FAE04EC0-301F-11D3-BF4B-00C04F79EFBC}") = "Calculator", "Calculator\Calculator.csproj", "{EA729049-4137-4496-AF55-A7AC1382276F}"
EndProject
Global
	GlobalSection(SolutionConfigurationPlatforms) = preSolution
		Debug|Any CPU = Debug|Any CPU
		Release|Any CPU = Release|Any CPU
	EndGlobalSection
	GlobalSection(ProjectConfigurationPlatforms) = postSolution
		{EA729049-4137-4496-AF55-A7AC1382276F}.Debug|Any CPU.ActiveCfg = Debug|Any CPU
		{EA729049-4137-4496-AF55-A7AC1382276F}.Debug|Any CPU.Build.0 = Debug|Any CPU
		{EA729049-4137-4496-AF55-A7AC1382276F}.Release|Any CPU.ActiveCfg = Release|Any CPU
		{EA729049-4137-4496-AF55-A7AC1382276F}.Release|Any CPU.Build.0 = Release|Any CPU
	EndGlobalSection
	GlobalSection(SolutionProperties) = preSolution
		HideSolutionNode = FALSE
	EndGlobalSection
	GlobalSection(ExtensibilityGlobals) = postSolution
		SolutionGuid = {17A154F6-EA03-4EEE-AAF5-8139A0201677}
	EndGlobalSection
EndGlobal
